// !$*UTF8*$!
{
	archiveVersion = 1;
	classes = {
	};
	objectVersion = 46;
	objects = {

/* Begin PBXBuildFile section */
		35B5D26D1DD9BF5C00A72906 /* main.m in Sources */ = {isa = PBXBuildFile; fileRef = 35B5D26C1DD9BF5C00A72906 /* main.m */; };
		35B5D2701DD9BF5C00A72906 /* AppDelegate.m in Sources */ = {isa = PBXBuildFile; fileRef = 35B5D26F1DD9BF5C00A72906 /* AppDelegate.m */; };
		35B5D2731DD9BF5C00A72906 /* ViewController.m in Sources */ = {isa = PBXBuildFile; fileRef = 35B5D2721DD9BF5C00A72906 /* ViewController.m */; };
		35B5D2781DD9BF5C00A72906 /* Assets.xcassets in Resources */ = {isa = PBXBuildFile; fileRef = 35B5D2771DD9BF5C00A72906 /* Assets.xcassets */; };
		35B5D2851DD9BFE200A72906 /* DWLaunchScreen.m in Sources */ = {isa = PBXBuildFile; fileRef = 35B5D2841DD9BFE200A72906 /* DWLaunchScreen.m */; };
		35B5D2871DD9C9DF00A72906 /* bg.jpg in Resources */ = {isa = PBXBuildFile; fileRef = 35B5D2861DD9C9DF00A72906 /* bg.jpg */; };
		35B5D2891DD9CB1B00A72906 /* Launch Screen.storyboard in Resources */ = {isa = PBXBuildFile; fileRef = 35B5D2881DD9CB1B00A72906 /* Launch Screen.storyboard */; };
		8F5DA0D71DEBC50900F51A80 /* cat.jpeg in Resources */ = {isa = PBXBuildFile; fileRef = 8F5DA0D61DEBC50900F51A80 /* cat.jpeg */; };
		8F7BC6111DED0CEE002F6C84 /* fengjing.gif in Resources */ = {isa = PBXBuildFile; fileRef = 8F7BC6101DED0CEE002F6C84 /* fengjing.gif */; };
		8F7BC6131DED116D002F6C84 /* main.jpg in Resources */ = {isa = PBXBuildFile; fileRef = 8F7BC6121DED116D002F6C84 /* main.jpg */; };
		8F82287C1DF12354003E12AF /* UIKit.framework in Frameworks */ = {isa = PBXBuildFile; fileRef = 8F82287B1DF12354003E12AF /* UIKit.framework */; };
		8F82287E1DF1235A003E12AF /* Foundation.framework in Frameworks */ = {isa = PBXBuildFile; fileRef = 8F82287D1DF1235A003E12AF /* Foundation.framework */; };
		8F8228801DF12360003E12AF /* ImageIO.framework in Frameworks */ = {isa = PBXBuildFile; fileRef = 8F82287F1DF12360003E12AF /* ImageIO.framework */; };
/* End PBXBuildFile section */

/* Begin PBXFileReference section */
		35B5D2681DD9BF5C00A72906 /* DWLaunchScreenTest.app */ = {isa = PBXFileReference; explicitFileType = wrapper.application; includeInIndex = 0; path = DWLaunchScreenTest.app; sourceTree = BUILT_PRODUCTS_DIR; };
		35B5D26C1DD9BF5C00A72906 /* main.m */ = {isa = PBXFileReference; lastKnownFileType = sourcecode.c.objc; path = main.m; sourceTree = "<group>"; };
		35B5D26E1DD9BF5C00A72906 /* AppDelegate.h */ = {isa = PBXFileReference; lastKnownFileType = sourcecode.c.h; path = AppDelegate.h; sourceTree = "<group>"; };
		35B5D26F1DD9BF5C00A72906 /* AppDelegate.m */ = {isa = PBXFileReference; lastKnownFileType = sourcecode.c.objc; path = AppDelegate.m; sourceTree = "<group>"; };
		35B5D2711DD9BF5C00A72906 /* ViewController.h */ = {isa = PBXFileReference; lastKnownFileType = sourcecode.c.h; path = ViewController.h; sourceTree = "<group>"; };
		35B5D2721DD9BF5C00A72906 /* ViewController.m */ = {isa = PBXFileReference; lastKnownFileType = sourcecode.c.objc; path = ViewController.m; sourceTree = "<group>"; };
		35B5D2771DD9BF5C00A72906 /* Assets.xcassets */ = {isa = PBXFileReference; lastKnownFileType = folder.assetcatalog; path = Assets.xcassets; sourceTree = "<group>"; };
		35B5D27C1DD9BF5C00A72906 /* Info.plist */ = {isa = PBXFileReference; lastKnownFileType = text.plist.xml; path = Info.plist; sourceTree = "<group>"; };
		35B5D2831DD9BFE200A72906 /* DWLaunchScreen.h */ = {isa = PBXFileReference; fileEncoding = 4; lastKnownFileType = sourcecode.c.h; path = DWLaunchScreen.h; sourceTree = "<group>"; };
		35B5D2841DD9BFE200A72906 /* DWLaunchScreen.m */ = {isa = PBXFileReference; fileEncoding = 4; lastKnownFileType = sourcecode.c.objc; path = DWLaunchScreen.m; sourceTree = "<group>"; };
		35B5D2861DD9C9DF00A72906 /* bg.jpg */ = {isa = PBXFileReference; lastKnownFileType = image.jpeg; path = bg.jpg; sourceTree = "<group>"; };
		35B5D2881DD9CB1B00A72906 /* Launch Screen.storyboard */ = {isa = PBXFileReference; fileEncoding = 4; lastKnownFileType = file.storyboard; path = "Launch Screen.storyboard"; sourceTree = "<group>"; };
		8F5DA0D61DEBC50900F51A80 /* cat.jpeg */ = {isa = PBXFileReference; lastKnownFileType = image.jpeg; path = cat.jpeg; sourceTree = "<group>"; };
		8F7BC6101DED0CEE002F6C84 /* fengjing.gif */ = {isa = PBXFileReference; lastKnownFileType = image.gif; path = fengjing.gif; sourceTree = "<group>"; };
		8F7BC6121DED116D002F6C84 /* main.jpg */ = {isa = PBXFileReference; lastKnownFileType = image.jpeg; path = main.jpg; sourceTree = "<group>"; };
		8F82287B1DF12354003E12AF /* UIKit.framework */ = {isa = PBXFileReference; lastKnownFileType = wrapper.framework; name = UIKit.framework; path = System/Library/Frameworks/UIKit.framework; sourceTree = SDKROOT; };
		8F82287D1DF1235A003E12AF /* Foundation.framework */ = {isa = PBXFileReference; lastKnownFileType = wrapper.framework; name = Foundation.framework; path = System/Library/Frameworks/Foundation.framework; sourceTree = SDKROOT; };
		8F82287F1DF12360003E12AF /* ImageIO.framework */ = {isa = PBXFileReference; lastKnownFileType = wrapper.framework; name = ImageIO.framework; path = System/Library/Frameworks/ImageIO.framework; sourceTree = SDKROOT; };
/* End PBXFileReference section */

/* Begin PBXFrameworksBuildPhase section */
		35B5D2651DD9BF5C00A72906 /* Frameworks */ = {
			isa = PBXFrameworksBuildPhase;
			buildActionMask = 2147483647;
			files = (
				8F8228801DF12360003E12AF /* ImageIO.framework in Frameworks */,
				8F82287E1DF1235A003E12AF /* Foundation.framework in Frameworks */,
				8F82287C1DF12354003E12AF /* UIKit.framework in Frameworks */,
			);
			runOnlyForDeploymentPostprocessing = 0;
		};
/* End PBXFrameworksBuildPhase section */

/* Begin PBXGroup section */
		35B5D25F1DD9BF5C00A72906 = {
			isa = PBXGroup;
			children = (
				35B5D26A1DD9BF5C00A72906 /* DWLaunchScreenTest */,
				35B5D2691DD9BF5C00A72906 /* Products */,
				8F82287A1DF12354003E12AF /* Frameworks */,
			);
			sourceTree = "<group>";
		};
		35B5D2691DD9BF5C00A72906 /* Products */ = {
			isa = PBXGroup;
			children = (
				35B5D2681DD9BF5C00A72906 /* DWLaunchScreenTest.app */,
			);
			name = Products;
			sourceTree = "<group>";
		};
		35B5D26A1DD9BF5C00A72906 /* DWLaunchScreenTest */ = {
			isa = PBXGroup;
			children = (
				35B5D2821DD9BF9200A72906 /* DWLaunchScreen */,
				35B5D26E1DD9BF5C00A72906 /* AppDelegate.h */,
				35B5D26F1DD9BF5C00A72906 /* AppDelegate.m */,
				35B5D2711DD9BF5C00A72906 /* ViewController.h */,
				35B5D2721DD9BF5C00A72906 /* ViewController.m */,
				8F7BC6121DED116D002F6C84 /* main.jpg */,
				8F7BC6101DED0CEE002F6C84 /* fengjing.gif */,
				8F5DA0D61DEBC50900F51A80 /* cat.jpeg */,
				35B5D2861DD9C9DF00A72906 /* bg.jpg */,
				35B5D2771DD9BF5C00A72906 /* Assets.xcassets */,
				35B5D2881DD9CB1B00A72906 /* Launch Screen.storyboard */,
				35B5D27C1DD9BF5C00A72906 /* Info.plist */,
				35B5D26B1DD9BF5C00A72906 /* Supporting Files */,
			);
			path = DWLaunchScreenTest;
			sourceTree = "<group>";
		};
		35B5D26B1DD9BF5C00A72906 /* Supporting Files */ = {
			isa = PBXGroup;
			children = (
				35B5D26C1DD9BF5C00A72906 /* main.m */,
			);
			name = "Supporting Files";
			sourceTree = "<group>";
		};
		35B5D2821DD9BF9200A72906 /* DWLaunchScreen */ = {
			isa = PBXGroup;
			children = (
				35B5D2831DD9BFE200A72906 /* DWLaunchScreen.h */,
				35B5D2841DD9BFE200A72906 /* DWLaunchScreen.m */,
			);
			path = DWLaunchScreen;
			sourceTree = "<group>";
		};
		8F82287A1DF12354003E12AF /* Frameworks */ = {
			isa = PBXGroup;
			children = (
				8F82287F1DF12360003E12AF /* ImageIO.framework */,
				8F82287D1DF1235A003E12AF /* Foundation.framework */,
				8F82287B1DF12354003E12AF /* UIKit.framework */,
			);
			name = Frameworks;
			sourceTree = "<group>";
		};
/* End PBXGroup section */

/* Begin PBXNativeTarget section */
		35B5D2671DD9BF5C00A72906 /* DWLaunchScreenTest */ = {
			isa = PBXNativeTarget;
			buildConfigurationList = 35B5D27F1DD9BF5C00A72906 /* Build configuration list for PBXNativeTarget "DWLaunchScreenTest" */;
			buildPhases = (
				35B5D2641DD9BF5C00A72906 /* Sources */,
				35B5D2651DD9BF5C00A72906 /* Frameworks */,
				35B5D2661DD9BF5C00A72906 /* Resources */,
			);
			buildRules = (
			);
			dependencies = (
			);
			name = DWLaunchScreenTest;
			productName = DWLaunchScreenTest;
			productReference = 35B5D2681DD9BF5C00A72906 /* DWLaunchScreenTest.app */;
			productType = "com.apple.product-type.application";
		};
/* End PBXNativeTarget section */

/* Begin PBXProject section */
		35B5D2601DD9BF5C00A72906 /* Project object */ = {
			isa = PBXProject;
			attributes = {
				LastUpgradeCheck = 0810;
				ORGANIZATIONNAME = dwang;
				TargetAttributes = {
					35B5D2671DD9BF5C00A72906 = {
						CreatedOnToolsVersion = 8.1;
						DevelopmentTeam = QD5U363353;
						ProvisioningStyle = Automatic;
					};
				};
			};
			buildConfigurationList = 35B5D2631DD9BF5C00A72906 /* Build configuration list for PBXProject "DWLaunchScreenTest" */;
			compatibilityVersion = "Xcode 3.2";
			developmentRegion = English;
			hasScannedForEncodings = 0;
			knownRegions = (
				en,
				Base,
			);
			mainGroup = 35B5D25F1DD9BF5C00A72906;
			productRefGroup = 35B5D2691DD9BF5C00A72906 /* Products */;
			projectDirPath = "";
			projectRoot = "";
			targets = (
				35B5D2671DD9BF5C00A72906 /* DWLaunchScreenTest */,
			);
		};
/* End PBXProject section */

/* Begin PBXResourcesBuildPhase section */
		35B5D2661DD9BF5C00A72906 /* Resources */ = {
			isa = PBXResourcesBuildPhase;
			buildActionMask = 2147483647;
			files = (
				8F5DA0D71DEBC50900F51A80 /* cat.jpeg in Resources */,
				8F7BC6131DED116D002F6C84 /* main.jpg in Resources */,
				35B5D2781DD9BF5C00A72906 /* Assets.xcassets in Resources */,
				35B5D2871DD9C9DF00A72906 /* bg.jpg in Resources */,
				35B5D2891DD9CB1B00A72906 /* Launch Screen.storyboard in Resources */,
				8F7BC6111DED0CEE002F6C84 /* fengjing.gif in Resources */,
			);
			runOnlyForDeploymentPostprocessing = 0;
		};
/* End PBXResourcesBuildPhase section */

/* Begin PBXSourcesBuildPhase section */
		35B5D2641DD9BF5C00A72906 /* Sources */ = {
			isa = PBXSourcesBuildPhase;
			buildActionMask = 2147483647;
			files = (
				35B5D2731DD9BF5C00A72906 /* ViewController.m in Sources */,
				35B5D2851DD9BFE200A72906 /* DWLaunchScreen.m in Sources */,
				35B5D2701DD9BF5C00A72906 /* AppDelegate.m in Sources */,
				35B5D26D1DD9BF5C00A72906 /* main.m in Sources */,
			);
			runOnlyForDeploymentPostprocessing = 0;
		};
/* End PBXSourcesBuildPhase section */

/* Begin XCBuildConfiguration section */
		35B5D27D1DD9BF5C00A72906 /* Debug */ = {
			isa = XCBuildConfiguration;
			buildSettings = {
				ALWAYS_SEARCH_USER_PATHS = NO;
				CLANG_ANALYZER_NONNULL = YES;
				CLANG_CXX_LANGUAGE_STANDARD = "gnu++0x";
				CLANG_CXX_LIBRARY = "libc++";
				CLANG_ENABLE_MODULES = YES;
				CLANG_ENABLE_OBJC_ARC = YES;
				CLANG_WARN_BOOL_CONVERSION = YES;
				CLANG_WARN_CONSTANT_CONVERSION = YES;
				CLANG_WARN_DIRECT_OBJC_ISA_USAGE = YES_ERROR;
				CLANG_WARN_DOCUMENTATION_COMMENTS = YES;
				CLANG_WARN_EMPTY_BODY = YES;
				CLANG_WARN_ENUM_CONVERSION = YES;
				CLANG_WARN_INFINITE_RECURSION = YES;
				CLANG_WARN_INT_CONVERSION = YES;
				CLANG_WARN_OBJC_ROOT_CLASS = YES_ERROR;
				CLANG_WARN_SUSPICIOUS_MOVES = YES;
				CLANG_WARN_UNREACHABLE_CODE = YES;
				CLANG_WARN__DUPLICATE_METHOD_MATCH = YES;
				"CODE_SIGN_IDENTITY[sdk=iphoneos*]" = "iPhone Developer";
				COPY_PHASE_STRIP = NO;
				DEBUG_INFORMATION_FORMAT = dwarf;
				ENABLE_STRICT_OBJC_MSGSEND = YES;
				ENABLE_TESTABILITY = YES;
				GCC_C_LANGUAGE_STANDARD = gnu99;
				GCC_DYNAMIC_NO_PIC = NO;
				GCC_NO_COMMON_BLOCKS = YES;
				GCC_OPTIMIZATION_LEVEL = 0;
				GCC_PREPROCESSOR_DEFINITIONS = (
					"DEBUG=1",
					"$(inherited)",
				);
				GCC_WARN_64_TO_32_BIT_CONVERSION = YES;
				GCC_WARN_ABOUT_RETURN_TYPE = YES_ERROR;
				GCC_WARN_UNDECLARED_SELECTOR = YES;
				GCC_WARN_UNINITIALIZED_AUTOS = YES_AGGRESSIVE;
				GCC_WARN_UNUSED_FUNCTION = YES;
				GCC_WARN_UNUSED_VARIABLE = YES;
				IPHONEOS_DEPLOYMENT_TARGET = 10.1;
				MTL_ENABLE_DEBUG_INFO = YES;
				ONLY_ACTIVE_ARCH = YES;
				SDKROOT = iphoneos;
				TARGETED_DEVICE_FAMILY = "1,2";
			};
			name = Debug;
		};
		35B5D27E1DD9BF5C00A72906 /* Release */ = {
			isa = XCBuildConfiguration;
			buildSettings = {
				ALWAYS_SEARCH_USER_PATHS = NO;
				CLANG_ANALYZER_NONNULL = YES;
				CLANG_CXX_LANGUAGE_STANDARD = "gnu++0x";
				CLANG_CXX_LIBRARY = "libc++";
				CLANG_ENABLE_MODULES = YES;
				CLANG_ENABLE_OBJC_ARC = YES;
				CLANG_WARN_BOOL_CONVERSION = YES;
				CLANG_WARN_CONSTANT_CONVERSION = YES;
				CLANG_WARN_DIRECT_OBJC_ISA_USAGE = YES_ERROR;
				CLANG_WARN_DOCUMENTATION_COMMENTS = YES;
				CLANG_WARN_EMPTY_BODY = YES;
				CLANG_WARN_ENUM_CONVERSION = YES;
				CLANG_WARN_INFINITE_RECURSION = YES;
				CLANG_WARN_INT_CONVERSION = YES;
				CLANG_WARN_OBJC_ROOT_CLASS = YES_ERROR;
				CLANG_WARN_SUSPICIOUS_MOVES = YES;
				CLANG_WARN_UNREACHABLE_CODE = YES;
				CLANG_WARN__DUPLICATE_METHOD_MATCH = YES;
				"CODE_SIGN_IDENTITY[sdk=iphoneos*]" = "iPhone Developer";
				COPY_PHASE_STRIP = NO;
				DEBUG_INFORMATION_FORMAT = "dwarf-with-dsym";
				ENABLE_NS_ASSERTIONS = NO;
				ENABLE_STRICT_OBJC_MSGSEND = YES;
				GCC_C_LANGUAGE_STANDARD = gnu99;
				GCC_NO_COMMON_BLOCKS = YES;
				GCC_WARN_64_TO_32_BIT_CONVERSION = YES;
				GCC_WARN_ABOUT_RETURN_TYPE = YES_ERROR;
				GCC_WARN_UNDECLARED_SELECTOR = YES;
				GCC_WARN_UNINITIALIZED_AUTOS = YES_AGGRESSIVE;
				GCC_WARN_UNUSED_FUNCTION = YES;
				GCC_WARN_UNUSED_VARIABLE = YES;
				IPHONEOS_DEPLOYMENT_TARGET = 10.1;
				MTL_ENABLE_DEBUG_INFO = NO;
				SDKROOT = iphoneos;
				TARGETED_DEVICE_FAMILY = "1,2";
				VALIDATE_PRODUCT = YES;
			};
			name = Release;
		};
		35B5D2801DD9BF5C00A72906 /* Debug */ = {
			isa = XCBuildConfiguration;
			buildSettings = {
				ASSETCATALOG_COMPILER_APPICON_NAME = AppIcon;
				DEVELOPMENT_TEAM = QD5U363353;
				INFOPLIST_FILE = DWLaunchScreenTest/Info.plist;
				IPHONEOS_DEPLOYMENT_TARGET = 8.0;
				LD_RUNPATH_SEARCH_PATHS = "$(inherited) @executable_path/Frameworks";
				PRODUCT_BUNDLE_IDENTIFIER = vip.dwang.DWLaunchScreenTest;
				PRODUCT_NAME = "$(TARGET_NAME)";
			};
			name = Debug;
		};
		35B5D2811DD9BF5C00A72906 /* Release */ = {
			isa = XCBuildConfiguration;
			buildSettings = {
				ASSETCATALOG_COMPILER_APPICON_NAME = AppIcon;
				DEVELOPMENT_TEAM = QD5U363353;
				INFOPLIST_FILE = DWLaunchScreenTest/Info.plist;
				IPHONEOS_DEPLOYMENT_TARGET = 8.0;
				LD_RUNPATH_SEARCH_PATHS = "$(inherited) @executable_path/Frameworks";
				PRODUCT_BUNDLE_IDENTIFIER = vip.dwang.DWLaunchScreenTest;
				PRODUCT_NAME = "$(TARGET_NAME)";
			};
			name = Release;
		};
/* End XCBuildConfiguration section */

/* Begin XCConfigurationList section */
		35B5D2631DD9BF5C00A72906 /* Build configuration list for PBXProject "DWLaunchScreenTest" */ = {
			isa = XCConfigurationList;
			buildConfigurations = (
				35B5D27D1DD9BF5C00A72906 /* Debug */,
				35B5D27E1DD9BF5C00A72906 /* Release */,
			);
			defaultConfigurationIsVisible = 0;
			defaultConfigurationName = Release;
		};
		35B5D27F1DD9BF5C00A72906 /* Build configuration list for PBXNativeTarget "DWLaunchScreenTest" */ = {
			isa = XCConfigurationList;
			buildConfigurations = (
				35B5D2801DD9BF5C00A72906 /* Debug */,
				35B5D2811DD9BF5C00A72906 /* Release */,
			);
			defaultConfigurationIsVisible = 0;
			defaultConfigurationName = Release;
		};
/* End XCConfigurationList section */
	};
	rootObject = 35B5D2601DD9BF5C00A72906 /* Project object */;
}
